
Microsoft Visual Studio Solution File, Format Version 12.00
# Visual Studio 14
VisualStudioVersion = 14.0.25420.1
MinimumVisualStudioVersion = 10.0.40219.1
Project("{2150E333-8FDC-42A3-9474-1A3956D46DE8}") = "1 - Presentation", "1 - Presentation", "{A06E2E8E-7FAD-44BC-AB86-B780F6841B27}"
EndProject
Project("{2150E333-8FDC-42A3-9474-1A3956D46DE8}") = "3 - Application", "3 - Application", "{336AF755-6424-49FA-B326-F6F80E6B0912}"
EndProject
Project("{2150E333-8FDC-42A3-9474-1A3956D46DE8}") = "4 - Domain", "4 - Domain", "{2939BAE4-68AB-4A88-A8C5-811B9446830E}"
EndProject
Project("{2150E333-8FDC-42A3-9474-1A3956D46DE8}") = "5 - Infra", "5 - Infra", "{CF6D2CDB-FC23-4883-819F-8F105D6C053C}"
EndProject
Project("{2150E333-8FDC-42A3-9474-1A3956D46DE8}") = "2 - Services", "2 - Services", "{ECCBAC81-8248-4618-9B54-7950571ADB29}"
EndProject
Project("{2150E333-8FDC-42A3-9474-1A3956D46DE8}") = "5.1 - Data", "5.1 - Data", "{8C31D128-EADE-47A0-9C1F-C4D7E2D3D0F1}"
EndProject
Project("{2150E333-8FDC-42A3-9474-1A3956D46DE8}") = "5.2 - CrossCutting", "5.2 - CrossCutting", "{69B91049-C622-4619-A9D9-1220000DE511}"
EndProject
Project("{FAE04EC0-301F-11D3-BF4B-00C04F79EFBC}") = "Despesa.Lite.Domain", "src\Despesa.Lite.Domain\Despesa.Lite.Domain.csproj", "{6A8025B4-8737-401B-8DE6-C34D4F076B83}"
EndProject
Project("{FAE04EC0-301F-11D3-BF4B-00C04F79EFBC}") = "Despesa.Lite.Infra.Data", "src\Despesa.Lite.Infra.Data\Despesa.Lite.Infra.Data.csproj", "{B90CA96D-4B6D-4C07-907B-4A82991D5085}"
EndProject
Project("{FAE04EC0-301F-11D3-BF4B-00C04F79EFBC}") = "Despesa.Lite.Application", "src\Despesa.Lite.Application\Despesa.Lite.Application.csproj", "{A085AC58-8D47-45C3-A3B4-3B0C86A60600}"
EndProject
Project("{FAE04EC0-301F-11D3-BF4B-00C04F79EFBC}") = "Despesa.Lite.Presentation", "src\Despesa.Lite.Presentation\Despesa.Lite.Presentation.csproj", "{A04E6A09-9BEE-4A9C-9B95-613423B7F455}"
EndProject
Global
	GlobalSection(SolutionConfigurationPlatforms) = preSolution
		Debug|Any CPU = Debug|Any CPU
		Release|Any CPU = Release|Any CPU
	EndGlobalSection
	GlobalSection(ProjectConfigurationPlatforms) = postSolution
		{6A8025B4-8737-401B-8DE6-C34D4F076B83}.Debug|Any CPU.ActiveCfg = Debug|Any CPU
		{6A8025B4-8737-401B-8DE6-C34D4F076B83}.Debug|Any CPU.Build.0 = Debug|Any CPU
		{6A8025B4-8737-401B-8DE6-C34D4F076B83}.Release|Any CPU.ActiveCfg = Release|Any CPU
		{6A8025B4-8737-401B-8DE6-C34D4F076B83}.Release|Any CPU.Build.0 = Release|Any CPU
		{B90CA96D-4B6D-4C07-907B-4A82991D5085}.Debug|Any CPU.ActiveCfg = Debug|Any CPU
		{B90CA96D-4B6D-4C07-907B-4A82991D5085}.Debug|Any CPU.Build.0 = Debug|Any CPU
		{B90CA96D-4B6D-4C07-907B-4A82991D5085}.Release|Any CPU.ActiveCfg = Release|Any CPU
		{B90CA96D-4B6D-4C07-907B-4A82991D5085}.Release|Any CPU.Build.0 = Release|Any CPU
		{A085AC58-8D47-45C3-A3B4-3B0C86A60600}.Debug|Any CPU.ActiveCfg = Debug|Any CPU
		{A085AC58-8D47-45C3-A3B4-3B0C86A60600}.Debug|Any CPU.Build.0 = Debug|Any CPU
		{A085AC58-8D47-45C3-A3B4-3B0C86A60600}.Release|Any CPU.ActiveCfg = Release|Any CPU
		{A085AC58-8D47-45C3-A3B4-3B0C86A60600}.Release|Any CPU.Build.0 = Release|Any CPU
		{A04E6A09-9BEE-4A9C-9B95-613423B7F455}.Debug|Any CPU.ActiveCfg = Debug|Any CPU
		{A04E6A09-9BEE-4A9C-9B95-613423B7F455}.Debug|Any CPU.Build.0 = Debug|Any CPU
		{A04E6A09-9BEE-4A9C-9B95-613423B7F455}.Release|Any CPU.ActiveCfg = Release|Any CPU
		{A04E6A09-9BEE-4A9C-9B95-613423B7F455}.Release|Any CPU.Build.0 = Release|Any CPU
	EndGlobalSection
	GlobalSection(SolutionProperties) = preSolution
		HideSolutionNode = FALSE
	EndGlobalSection
	GlobalSection(NestedProjects) = preSolution
		{8C31D128-EADE-47A0-9C1F-C4D7E2D3D0F1} = {CF6D2CDB-FC23-4883-819F-8F105D6C053C}
		{69B91049-C622-4619-A9D9-1220000DE511} = {CF6D2CDB-FC23-4883-819F-8F105D6C053C}
		{6A8025B4-8737-401B-8DE6-C34D4F076B83} = {2939BAE4-68AB-4A88-A8C5-811B9446830E}
		{B90CA96D-4B6D-4C07-907B-4A82991D5085} = {8C31D128-EADE-47A0-9C1F-C4D7E2D3D0F1}
		{A085AC58-8D47-45C3-A3B4-3B0C86A60600} = {336AF755-6424-49FA-B326-F6F80E6B0912}
		{A04E6A09-9BEE-4A9C-9B95-613423B7F455} = {A06E2E8E-7FAD-44BC-AB86-B780F6841B27}
	EndGlobalSection
EndGlobal
